// !$*UTF8*$!
{
	archiveVersion = 1;
	classes = {
	};
	objectVersion = 56;
	objects = {

/* Begin PBXBuildFile section */
		25B5AF0329144A7D00AD4C05 /* Assets.xcassets in Resources */ = {isa = PBXBuildFile; fileRef = 25B5AF0229144A7D00AD4C05 /* Assets.xcassets */; };
		25B5AF0629144A7D00AD4C05 /* Preview Assets.xcassets in Resources */ = {isa = PBXBuildFile; fileRef = 25B5AF0529144A7D00AD4C05 /* Preview Assets.xcassets */; };
		25B5AF1829144B2200AD4C05 /* MindNode.swift in Sources */ = {isa = PBXBuildFile; fileRef = 25B5AF0D29144B2200AD4C05 /* MindNode.swift */; };
		25B5AF1929144B2200AD4C05 /* MapNodeRenderer.swift in Sources */ = {isa = PBXBuildFile; fileRef = 25B5AF0E29144B2200AD4C05 /* MapNodeRenderer.swift */; };
		25B5AF1A29144B2200AD4C05 /* DataConstants.swift in Sources */ = {isa = PBXBuildFile; fileRef = 25B5AF0F29144B2200AD4C05 /* DataConstants.swift */; };
		25B5AF1B29144B2200AD4C05 /* DataController.swift in Sources */ = {isa = PBXBuildFile; fileRef = 25B5AF1029144B2200AD4C05 /* DataController.swift */; };
		25B5AF1C29144B2200AD4C05 /* NodeCoreDataRepository.swift in Sources */ = {isa = PBXBuildFile; fileRef = 25B5AF1129144B2200AD4C05 /* NodeCoreDataRepository.swift */; };
		25B5AF1D29144B2200AD4C05 /* AddNode.swift in Sources */ = {isa = PBXBuildFile; fileRef = 25B5AF1229144B2200AD4C05 /* AddNode.swift */; };
		25B5AF1E29144B2200AD4C05 /* ContentView.swift in Sources */ = {isa = PBXBuildFile; fileRef = 25B5AF1329144B2200AD4C05 /* ContentView.swift */; };
		25B5AF1F29144B2200AD4C05 /* NodeDetail.swift in Sources */ = {isa = PBXBuildFile; fileRef = 25B5AF1429144B2200AD4C05 /* NodeDetail.swift */; };
		25B5AF2029144B2200AD4C05 /* CleverMindApp.swift in Sources */ = {isa = PBXBuildFile; fileRef = 25B5AF1529144B2200AD4C05 /* CleverMindApp.swift */; };
		25B5AF2129144B2200AD4C05 /* MindMapModel.xcdatamodeld in Sources */ = {isa = PBXBuildFile; fileRef = 25B5AF1629144B2200AD4C05 /* MindMapModel.xcdatamodeld */; };
/* End PBXBuildFile section */

/* Begin PBXFileReference section */
		25B5AEFB29144A7100AD4C05 /* Clever-Mind.app */ = {isa = PBXFileReference; explicitFileType = wrapper.application; includeInIndex = 0; path = "Clever-Mind.app"; sourceTree = BUILT_PRODUCTS_DIR; };
		25B5AF0229144A7D00AD4C05 /* Assets.xcassets */ = {isa = PBXFileReference; lastKnownFileType = folder.assetcatalog; path = Assets.xcassets; sourceTree = "<group>"; };
		25B5AF0529144A7D00AD4C05 /* Preview Assets.xcassets */ = {isa = PBXFileReference; lastKnownFileType = folder.assetcatalog; path = "Preview Assets.xcassets"; sourceTree = "<group>"; };
		25B5AF0C29144B2100AD4C05 /* Clever-Mind-Bridging-Header.h */ = {isa = PBXFileReference; lastKnownFileType = sourcecode.c.h; path = "Clever-Mind-Bridging-Header.h"; sourceTree = "<group>"; };
		25B5AF0D29144B2200AD4C05 /* MindNode.swift */ = {isa = PBXFileReference; fileEncoding = 4; lastKnownFileType = sourcecode.swift; path = MindNode.swift; sourceTree = "<group>"; };
		25B5AF0E29144B2200AD4C05 /* MapNodeRenderer.swift */ = {isa = PBXFileReference; fileEncoding = 4; lastKnownFileType = sourcecode.swift; path = MapNodeRenderer.swift; sourceTree = "<group>"; };
		25B5AF0F29144B2200AD4C05 /* DataConstants.swift */ = {isa = PBXFileReference; fileEncoding = 4; lastKnownFileType = sourcecode.swift; path = DataConstants.swift; sourceTree = "<group>"; };
		25B5AF1029144B2200AD4C05 /* DataController.swift */ = {isa = PBXFileReference; fileEncoding = 4; lastKnownFileType = sourcecode.swift; path = DataController.swift; sourceTree = "<group>"; };
		25B5AF1129144B2200AD4C05 /* NodeCoreDataRepository.swift */ = {isa = PBXFileReference; fileEncoding = 4; lastKnownFileType = sourcecode.swift; path = NodeCoreDataRepository.swift; sourceTree = "<group>"; };
		25B5AF1229144B2200AD4C05 /* AddNode.swift */ = {isa = PBXFileReference; fileEncoding = 4; lastKnownFileType = sourcecode.swift; path = AddNode.swift; sourceTree = "<group>"; };
		25B5AF1329144B2200AD4C05 /* ContentView.swift */ = {isa = PBXFileReference; fileEncoding = 4; lastKnownFileType = sourcecode.swift; path = ContentView.swift; sourceTree = "<group>"; };
		25B5AF1429144B2200AD4C05 /* NodeDetail.swift */ = {isa = PBXFileReference; fileEncoding = 4; lastKnownFileType = sourcecode.swift; path = NodeDetail.swift; sourceTree = "<group>"; };
		25B5AF1529144B2200AD4C05 /* CleverMindApp.swift */ = {isa = PBXFileReference; fileEncoding = 4; lastKnownFileType = sourcecode.swift; path = CleverMindApp.swift; sourceTree = "<group>"; };
		25B5AF1729144B2200AD4C05 /* MindMapModel.xcdatamodel */ = {isa = PBXFileReference; lastKnownFileType = wrapper.xcdatamodel; path = MindMapModel.xcdatamodel; sourceTree = "<group>"; };
/* End PBXFileReference section */

/* Begin PBXFrameworksBuildPhase section */
		25B5AEF829144A7100AD4C05 /* Frameworks */ = {
			isa = PBXFrameworksBuildPhase;
			buildActionMask = 2147483647;
			files = (
			);
			runOnlyForDeploymentPostprocessing = 0;
		};
/* End PBXFrameworksBuildPhase section */

/* Begin PBXGroup section */
		25B5AEF229144A7100AD4C05 = {
			isa = PBXGroup;
			children = (
				25B5AEFD29144A7100AD4C05 /* Clever-Mind */,
				25B5AEFC29144A7100AD4C05 /* Products */,
			);
			sourceTree = "<group>";
		};
		25B5AEFC29144A7100AD4C05 /* Products */ = {
			isa = PBXGroup;
			children = (
				25B5AEFB29144A7100AD4C05 /* Clever-Mind.app */,
			);
			name = Products;
			sourceTree = "<group>";
		};
		25B5AEFD29144A7100AD4C05 /* Clever-Mind */ = {
			isa = PBXGroup;
			children = (
				25B5AF1229144B2200AD4C05 /* AddNode.swift */,
				25B5AF1529144B2200AD4C05 /* CleverMindApp.swift */,
				25B5AF1329144B2200AD4C05 /* ContentView.swift */,
				25B5AF0F29144B2200AD4C05 /* DataConstants.swift */,
				25B5AF1029144B2200AD4C05 /* DataController.swift */,
				25B5AF0E29144B2200AD4C05 /* MapNodeRenderer.swift */,
				25B5AF1629144B2200AD4C05 /* MindMapModel.xcdatamodeld */,
				25B5AF0D29144B2200AD4C05 /* MindNode.swift */,
				25B5AF1129144B2200AD4C05 /* NodeCoreDataRepository.swift */,
				25B5AF1429144B2200AD4C05 /* NodeDetail.swift */,
				25B5AF0229144A7D00AD4C05 /* Assets.xcassets */,
				25B5AF0429144A7D00AD4C05 /* Preview Content */,
				25B5AF0C29144B2100AD4C05 /* Clever-Mind-Bridging-Header.h */,
			);
			path = "Clever-Mind";
			sourceTree = "<group>";
		};
		25B5AF0429144A7D00AD4C05 /* Preview Content */ = {
			isa = PBXGroup;
			children = (
				25B5AF0529144A7D00AD4C05 /* Preview Assets.xcassets */,
			);
			path = "Preview Content";
			sourceTree = "<group>";
		};
/* End PBXGroup section */

/* Begin PBXNativeTarget section */
		25B5AEFA29144A7100AD4C05 /* Clever-Mind */ = {
			isa = PBXNativeTarget;
			buildConfigurationList = 25B5AF0929144A7D00AD4C05 /* Build configuration list for PBXNativeTarget "Clever-Mind" */;
			buildPhases = (
				25B5AEF729144A7100AD4C05 /* Sources */,
				25B5AEF829144A7100AD4C05 /* Frameworks */,
				25B5AEF929144A7100AD4C05 /* Resources */,
			);
			buildRules = (
			);
			dependencies = (
			);
			name = "Clever-Mind";
			productName = "Clever-Mind";
			productReference = 25B5AEFB29144A7100AD4C05 /* Clever-Mind.app */;
			productType = "com.apple.product-type.application";
		};
/* End PBXNativeTarget section */

/* Begin PBXProject section */
		25B5AEF329144A7100AD4C05 /* Project object */ = {
			isa = PBXProject;
			attributes = {
				BuildIndependentTargetsInParallel = 1;
				LastSwiftUpdateCheck = 1400;
				LastUpgradeCheck = 1400;
				TargetAttributes = {
					25B5AEFA29144A7100AD4C05 = {
						CreatedOnToolsVersion = 14.0.1;
						LastSwiftMigration = 1400;
					};
				};
			};
			buildConfigurationList = 25B5AEF629144A7100AD4C05 /* Build configuration list for PBXProject "Clever-Mind" */;
			compatibilityVersion = "Xcode 14.0";
			developmentRegion = en;
			hasScannedForEncodings = 0;
			knownRegions = (
				en,
				Base,
			);
			mainGroup = 25B5AEF229144A7100AD4C05;
			productRefGroup = 25B5AEFC29144A7100AD4C05 /* Products */;
			projectDirPath = "";
			projectRoot = "";
			targets = (
				25B5AEFA29144A7100AD4C05 /* Clever-Mind */,
			);
		};
/* End PBXProject section */

/* Begin PBXResourcesBuildPhase section */
		25B5AEF929144A7100AD4C05 /* Resources */ = {
			isa = PBXResourcesBuildPhase;
			buildActionMask = 2147483647;
			files = (
				25B5AF0629144A7D00AD4C05 /* Preview Assets.xcassets in Resources */,
				25B5AF0329144A7D00AD4C05 /* Assets.xcassets in Resources */,
			);
			runOnlyForDeploymentPostprocessing = 0;
		};
/* End PBXResourcesBuildPhase section */

/* Begin PBXSourcesBuildPhase section */
		25B5AEF729144A7100AD4C05 /* Sources */ = {
			isa = PBXSourcesBuildPhase;
			buildActionMask = 2147483647;
			files = (
				25B5AF2129144B2200AD4C05 /* MindMapModel.xcdatamodeld in Sources */,
				25B5AF1829144B2200AD4C05 /* MindNode.swift in Sources */,
				25B5AF1B29144B2200AD4C05 /* DataController.swift in Sources */,
				25B5AF1E29144B2200AD4C05 /* ContentView.swift in Sources */,
				25B5AF2029144B2200AD4C05 /* CleverMindApp.swift in Sources */,
				25B5AF1A29144B2200AD4C05 /* DataConstants.swift in Sources */,
				25B5AF1F29144B2200AD4C05 /* NodeDetail.swift in Sources */,
				25B5AF1D29144B2200AD4C05 /* AddNode.swift in Sources */,
				25B5AF1C29144B2200AD4C05 /* NodeCoreDataRepository.swift in Sources */,
				25B5AF1929144B2200AD4C05 /* MapNodeRenderer.swift in Sources */,
			);
			runOnlyForDeploymentPostprocessing = 0;
		};
/* End PBXSourcesBuildPhase section */

/* Begin XCBuildConfiguration section */
		25B5AF0729144A7D00AD4C05 /* Debug */ = {
			isa = XCBuildConfiguration;
			buildSettings = {
				ALWAYS_SEARCH_USER_PATHS = NO;
				CLANG_ANALYZER_NONNULL = YES;
				CLANG_ANALYZER_NUMBER_OBJECT_CONVERSION = YES_AGGRESSIVE;
				CLANG_CXX_LANGUAGE_STANDARD = "gnu++20";
				CLANG_ENABLE_MODULES = YES;
				CLANG_ENABLE_OBJC_ARC = YES;
				CLANG_ENABLE_OBJC_WEAK = YES;
				CLANG_WARN_BLOCK_CAPTURE_AUTORELEASING = YES;
				CLANG_WARN_BOOL_CONVERSION = YES;
				CLANG_WARN_COMMA = YES;
				CLANG_WARN_CONSTANT_CONVERSION = YES;
				CLANG_WARN_DEPRECATED_OBJC_IMPLEMENTATIONS = YES;
				CLANG_WARN_DIRECT_OBJC_ISA_USAGE = YES_ERROR;
				CLANG_WARN_DOCUMENTATION_COMMENTS = YES;
				CLANG_WARN_EMPTY_BODY = YES;
				CLANG_WARN_ENUM_CONVERSION = YES;
				CLANG_WARN_INFINITE_RECURSION = YES;
				CLANG_WARN_INT_CONVERSION = YES;
				CLANG_WARN_NON_LITERAL_NULL_CONVERSION = YES;
				CLANG_WARN_OBJC_IMPLICIT_RETAIN_SELF = YES;
				CLANG_WARN_OBJC_LITERAL_CONVERSION = YES;
				CLANG_WARN_OBJC_ROOT_CLASS = YES_ERROR;
				CLANG_WARN_QUOTED_INCLUDE_IN_FRAMEWORK_HEADER = YES;
				CLANG_WARN_RANGE_LOOP_ANALYSIS = YES;
				CLANG_WARN_STRICT_PROTOTYPES = YES;
				CLANG_WARN_SUSPICIOUS_MOVE = YES;
				CLANG_WARN_UNGUARDED_AVAILABILITY = YES_AGGRESSIVE;
				CLANG_WARN_UNREACHABLE_CODE = YES;
				CLANG_WARN__DUPLICATE_METHOD_MATCH = YES;
				COPY_PHASE_STRIP = NO;
				DEBUG_INFORMATION_FORMAT = dwarf;
				ENABLE_STRICT_OBJC_MSGSEND = YES;
				ENABLE_TESTABILITY = YES;
				GCC_C_LANGUAGE_STANDARD = gnu11;
				GCC_DYNAMIC_NO_PIC = NO;
				GCC_NO_COMMON_BLOCKS = YES;
				GCC_OPTIMIZATION_LEVEL = 0;
				GCC_PREPROCESSOR_DEFINITIONS = (
					"DEBUG=1",
					"$(inherited)",
				);
				GCC_WARN_64_TO_32_BIT_CONVERSION = YES;
				GCC_WARN_ABOUT_RETURN_TYPE = YES_ERROR;
				GCC_WARN_UNDECLARED_SELECTOR = YES;
				GCC_WARN_UNINITIALIZED_AUTOS = YES_AGGRESSIVE;
				GCC_WARN_UNUSED_FUNCTION = YES;
				GCC_WARN_UNUSED_VARIABLE = YES;
				IPHONEOS_DEPLOYMENT_TARGET = 16.0;
				MTL_ENABLE_DEBUG_INFO = INCLUDE_SOURCE;
				MTL_FAST_MATH = YES;
				ONLY_ACTIVE_ARCH = YES;
				SDKROOT = iphoneos;
				SWIFT_ACTIVE_COMPILATION_CONDITIONS = DEBUG;
				SWIFT_OPTIMIZATION_LEVEL = "-Onone";
			};
			name = Debug;
		};
		25B5AF0829144A7D00AD4C05 /* Release */ = {
			isa = XCBuildConfiguration;
			buildSettings = {
				ALWAYS_SEARCH_USER_PATHS = NO;
				CLANG_ANALYZER_NONNULL = YES;
				CLANG_ANALYZER_NUMBER_OBJECT_CONVERSION = YES_AGGRESSIVE;
				CLANG_CXX_LANGUAGE_STANDARD = "gnu++20";
				CLANG_ENABLE_MODULES = YES;
				CLANG_ENABLE_OBJC_ARC = YES;
				CLANG_ENABLE_OBJC_WEAK = YES;
				CLANG_WARN_BLOCK_CAPTURE_AUTORELEASING = YES;
				CLANG_WARN_BOOL_CONVERSION = YES;
				CLANG_WARN_COMMA = YES;
				CLANG_WARN_CONSTANT_CONVERSION = YES;
				CLANG_WARN_DEPRECATED_OBJC_IMPLEMENTATIONS = YES;
				CLANG_WARN_DIRECT_OBJC_ISA_USAGE = YES_ERROR;
				CLANG_WARN_DOCUMENTATION_COMMENTS = YES;
				CLANG_WARN_EMPTY_BODY = YES;
				CLANG_WARN_ENUM_CONVERSION = YES;
				CLANG_WARN_INFINITE_RECURSION = YES;
				CLANG_WARN_INT_CONVERSION = YES;
				CLANG_WARN_NON_LITERAL_NULL_CONVERSION = YES;
				CLANG_WARN_OBJC_IMPLICIT_RETAIN_SELF = YES;
				CLANG_WARN_OBJC_LITERAL_CONVERSION = YES;
				CLANG_WARN_OBJC_ROOT_CLASS = YES_ERROR;
				CLANG_WARN_QUOTED_INCLUDE_IN_FRAMEWORK_HEADER = YES;
				CLANG_WARN_RANGE_LOOP_ANALYSIS = YES;
				CLANG_WARN_STRICT_PROTOTYPES = YES;
				CLANG_WARN_SUSPICIOUS_MOVE = YES;
				CLANG_WARN_UNGUARDED_AVAILABILITY = YES_AGGRESSIVE;
				CLANG_WARN_UNREACHABLE_CODE = YES;
				CLANG_WARN__DUPLICATE_METHOD_MATCH = YES;
				COPY_PHASE_STRIP = NO;
				DEBUG_INFORMATION_FORMAT = "dwarf-with-dsym";
				ENABLE_NS_ASSERTIONS = NO;
				ENABLE_STRICT_OBJC_MSGSEND = YES;
				GCC_C_LANGUAGE_STANDARD = gnu11;
				GCC_NO_COMMON_BLOCKS = YES;
				GCC_WARN_64_TO_32_BIT_CONVERSION = YES;
				GCC_WARN_ABOUT_RETURN_TYPE = YES_ERROR;
				GCC_WARN_UNDECLARED_SELECTOR = YES;
				GCC_WARN_UNINITIALIZED_AUTOS = YES_AGGRESSIVE;
				GCC_WARN_UNUSED_FUNCTION = YES;
				GCC_WARN_UNUSED_VARIABLE = YES;
				IPHONEOS_DEPLOYMENT_TARGET = 16.0;
				MTL_ENABLE_DEBUG_INFO = NO;
				MTL_FAST_MATH = YES;
				SDKROOT = iphoneos;
				SWIFT_COMPILATION_MODE = wholemodule;
				SWIFT_OPTIMIZATION_LEVEL = "-O";
				VALIDATE_PRODUCT = YES;
			};
			name = Release;
		};
		25B5AF0A29144A7D00AD4C05 /* Debug */ = {
			isa = XCBuildConfiguration;
			buildSettings = {
				ASSETCATALOG_COMPILER_APPICON_NAME = AppIcon;
				ASSETCATALOG_COMPILER_GLOBAL_ACCENT_COLOR_NAME = AccentColor;
				CLANG_ENABLE_MODULES = YES;
				CODE_SIGN_STYLE = Automatic;
				CURRENT_PROJECT_VERSION = 1;
				DEVELOPMENT_ASSET_PATHS = "\"Clever-Mind/Preview Content\"";
				DEVELOPMENT_TEAM = UT4A6DW9C9;
				ENABLE_PREVIEWS = YES;
				GENERATE_INFOPLIST_FILE = YES;
				INFOPLIST_KEY_UIApplicationSceneManifest_Generation = YES;
				INFOPLIST_KEY_UIApplicationSupportsIndirectInputEvents = YES;
				INFOPLIST_KEY_UILaunchScreen_Generation = YES;
				INFOPLIST_KEY_UISupportedInterfaceOrientations_iPad = "UIInterfaceOrientationPortrait UIInterfaceOrientationPortraitUpsideDown UIInterfaceOrientationLandscapeLeft UIInterfaceOrientationLandscapeRight";
				INFOPLIST_KEY_UISupportedInterfaceOrientations_iPhone = "UIInterfaceOrientationPortrait UIInterfaceOrientationLandscapeLeft UIInterfaceOrientationLandscapeRight";
				LD_RUNPATH_SEARCH_PATHS = (
					"$(inherited)",
					"@executable_path/Frameworks",
				);
				MARKETING_VERSION = 1.0;
				PRODUCT_BUNDLE_IDENTIFIER = "hcos.Clever-Mind";
				PRODUCT_NAME = "$(TARGET_NAME)";
				SWIFT_EMIT_LOC_STRINGS = YES;
				SWIFT_OBJC_BRIDGING_HEADER = "Clever-Mind/Clever-Mind-Bridging-Header.h";
				SWIFT_OPTIMIZATION_LEVEL = "-Onone";
				SWIFT_VERSION = 5.0;
				TARGETED_DEVICE_FAMILY = "1,2";
			};
			name = Debug;
		};
		25B5AF0B29144A7D00AD4C05 /* Release */ = {
			isa = XCBuildConfiguration;
			buildSettings = {
				ASSETCATALOG_COMPILER_APPICON_NAME = AppIcon;
				ASSETCATALOG_COMPILER_GLOBAL_ACCENT_COLOR_NAME = AccentColor;
				CLANG_ENABLE_MODULES = YES;
				CODE_SIGN_STYLE = Automatic;
				CURRENT_PROJECT_VERSION = 1;
				DEVELOPMENT_ASSET_PATHS = "\"Clever-Mind/Preview Content\"";
				DEVELOPMENT_TEAM = UT4A6DW9C9;
				ENABLE_PREVIEWS = YES;
				GENERATE_INFOPLIST_FILE = YES;
				INFOPLIST_KEY_UIApplicationSceneManifest_Generation = YES;
				INFOPLIST_KEY_UIApplicationSupportsIndirectInputEvents = YES;
				INFOPLIST_KEY_UILaunchScreen_Generation = YES;
				INFOPLIST_KEY_UISupportedInterfaceOrientations_iPad = "UIInterfaceOrientationPortrait UIInterfaceOrientationPortraitUpsideDown UIInterfaceOrientationLandscapeLeft UIInterfaceOrientationLandscapeRight";
				INFOPLIST_KEY_UISupportedInterfaceOrientations_iPhone = "UIInterfaceOrientationPortrait UIInterfaceOrientationLandscapeLeft UIInterfaceOrientationLandscapeRight";
				LD_RUNPATH_SEARCH_PATHS = (
					"$(inherited)",
					"@executable_path/Frameworks",
				);
				MARKETING_VERSION = 1.0;
				PRODUCT_BUNDLE_IDENTIFIER = "hcos.Clever-Mind";
				PRODUCT_NAME = "$(TARGET_NAME)";
				SWIFT_EMIT_LOC_STRINGS = YES;
				SWIFT_OBJC_BRIDGING_HEADER = "Clever-Mind/Clever-Mind-Bridging-Header.h";
				SWIFT_VERSION = 5.0;
				TARGETED_DEVICE_FAMILY = "1,2";
			};
			name = Release;
		};
/* End XCBuildConfiguration section */

/* Begin XCConfigurationList section */
		25B5AEF629144A7100AD4C05 /* Build configuration list for PBXProject "Clever-Mind" */ = {
			isa = XCConfigurationList;
			buildConfigurations = (
				25B5AF0729144A7D00AD4C05 /* Debug */,
				25B5AF0829144A7D00AD4C05 /* Release */,
			);
			defaultConfigurationIsVisible = 0;
			defaultConfigurationName = Release;
		};
		25B5AF0929144A7D00AD4C05 /* Build configuration list for PBXNativeTarget "Clever-Mind" */ = {
			isa = XCConfigurationList;
			buildConfigurations = (
				25B5AF0A29144A7D00AD4C05 /* Debug */,
				25B5AF0B29144A7D00AD4C05 /* Release */,
			);
			defaultConfigurationIsVisible = 0;
			defaultConfigurationName = Release;
		};
/* End XCConfigurationList section */

/* Begin XCVersionGroup section */
		25B5AF1629144B2200AD4C05 /* MindMapModel.xcdatamodeld */ = {
			isa = XCVersionGroup;
			children = (
				25B5AF1729144B2200AD4C05 /* MindMapModel.xcdatamodel */,
			);
			currentVersion = 25B5AF1729144B2200AD4C05 /* MindMapModel.xcdatamodel */;
			path = MindMapModel.xcdatamodeld;
			sourceTree = "<group>";
			versionGroupType = wrapper.xcdatamodel;
		};
/* End XCVersionGroup section */
	};
	rootObject = 25B5AEF329144A7100AD4C05 /* Project object */;
}
